
Microsoft Visual Studio Solution File, Format Version 12.00
# Visual Studio 15
VisualStudioVersion = 15.0.27703.2035
MinimumVisualStudioVersion = 10.0.40219.1
Project("{FAE04EC0-301F-11D3-BF4B-00C04F79EFBC}") = "AddressFinder.WebApi", "AddressFinder.WebApi\AddressFinder.WebApi.csproj", "{B0312B3F-4E88-4AED-8C9B-A33DFC6B6FB0}"
EndProject
Project("{FAE04EC0-301F-11D3-BF4B-00C04F79EFBC}") = "AddressFinder.Domain", "AddressFinder.Domain\AddressFinder.Domain.csproj", "{0FC93A45-43A8-40DC-AAB5-1F20DB33C7D8}"
EndProject
Project("{FAE04EC0-301F-11D3-BF4B-00C04F79EFBC}") = "AddressFinder.Infrastructure", "AddressFinder.Infrastructure\AddressFinder.Infrastructure.csproj", "{A8E38532-4BB4-4DB1-A38D-3B514F732A4C}"
EndProject
Project("{FAE04EC0-301F-11D3-BF4B-00C04F79EFBC}") = "AddressFinder.Tests", "AddressFinder.Tests\AddressFinder.Tests.csproj", "{903A3464-67B4-408A-A807-537408946C1F}"
EndProject
Project("{FAE04EC0-301F-11D3-BF4B-00C04F79EFBC}") = "AddressFinder.Common", "AddressFinder.Common\AddressFinder.Common.csproj", "{298DFD8D-E837-4C3F-B1F5-35AD10FE5B1A}"
EndProject
Global
	GlobalSection(SolutionConfigurationPlatforms) = preSolution
		Debug|Any CPU = Debug|Any CPU
		Release|Any CPU = Release|Any CPU
	EndGlobalSection
	GlobalSection(ProjectConfigurationPlatforms) = postSolution
		{B0312B3F-4E88-4AED-8C9B-A33DFC6B6FB0}.Debug|Any CPU.ActiveCfg = Debug|Any CPU
		{B0312B3F-4E88-4AED-8C9B-A33DFC6B6FB0}.Debug|Any CPU.Build.0 = Debug|Any CPU
		{B0312B3F-4E88-4AED-8C9B-A33DFC6B6FB0}.Release|Any CPU.ActiveCfg = Release|Any CPU
		{B0312B3F-4E88-4AED-8C9B-A33DFC6B6FB0}.Release|Any CPU.Build.0 = Release|Any CPU
		{0FC93A45-43A8-40DC-AAB5-1F20DB33C7D8}.Debug|Any CPU.ActiveCfg = Debug|Any CPU
		{0FC93A45-43A8-40DC-AAB5-1F20DB33C7D8}.Debug|Any CPU.Build.0 = Debug|Any CPU
		{0FC93A45-43A8-40DC-AAB5-1F20DB33C7D8}.Release|Any CPU.ActiveCfg = Release|Any CPU
		{0FC93A45-43A8-40DC-AAB5-1F20DB33C7D8}.Release|Any CPU.Build.0 = Release|Any CPU
		{A8E38532-4BB4-4DB1-A38D-3B514F732A4C}.Debug|Any CPU.ActiveCfg = Debug|Any CPU
		{A8E38532-4BB4-4DB1-A38D-3B514F732A4C}.Debug|Any CPU.Build.0 = Debug|Any CPU
		{A8E38532-4BB4-4DB1-A38D-3B514F732A4C}.Release|Any CPU.ActiveCfg = Release|Any CPU
		{A8E38532-4BB4-4DB1-A38D-3B514F732A4C}.Release|Any CPU.Build.0 = Release|Any CPU
		{903A3464-67B4-408A-A807-537408946C1F}.Debug|Any CPU.ActiveCfg = Debug|Any CPU
		{903A3464-67B4-408A-A807-537408946C1F}.Debug|Any CPU.Build.0 = Debug|Any CPU
		{903A3464-67B4-408A-A807-537408946C1F}.Release|Any CPU.ActiveCfg = Release|Any CPU
		{903A3464-67B4-408A-A807-537408946C1F}.Release|Any CPU.Build.0 = Release|Any CPU
		{298DFD8D-E837-4C3F-B1F5-35AD10FE5B1A}.Debug|Any CPU.ActiveCfg = Debug|Any CPU
		{298DFD8D-E837-4C3F-B1F5-35AD10FE5B1A}.Debug|Any CPU.Build.0 = Debug|Any CPU
		{298DFD8D-E837-4C3F-B1F5-35AD10FE5B1A}.Release|Any CPU.ActiveCfg = Release|Any CPU
		{298DFD8D-E837-4C3F-B1F5-35AD10FE5B1A}.Release|Any CPU.Build.0 = Release|Any CPU
	EndGlobalSection
	GlobalSection(SolutionProperties) = preSolution
		HideSolutionNode = FALSE
	EndGlobalSection
	GlobalSection(ExtensibilityGlobals) = postSolution
		SolutionGuid = {3C0499B9-B2D7-4C8E-A65F-F15EBE279F93}
	EndGlobalSection
EndGlobal
